// !$*UTF8*$!
{
	archiveVersion = 1;
	classes = {
	};
	objectVersion = 46;
	objects = {

/* Begin PBXBuildFile section */
		A3EEC3400750682925AD0BFA /* Pods_Garadget.framework in Frameworks */ = {isa = PBXBuildFile; fileRef = DBA3306F5F1E58F9B76AEAA8 /* Pods_Garadget.framework */; };
		DB0F378D1DFC17CD0005FBC3 /* SettingsStoryboard.storyboard in Resources */ = {isa = PBXBuildFile; fileRef = DB0F378C1DFC17CD0005FBC3 /* SettingsStoryboard.storyboard */; };
		DB0F37911DFC18630005FBC3 /* VolpisSettingsViewController.swift in Sources */ = {isa = PBXBuildFile; fileRef = DB0F37901DFC18630005FBC3 /* VolpisSettingsViewController.swift */; };
		DB0F37931DFC20390005FBC3 /* VolpisSettingsATableViewCell.swift in Sources */ = {isa = PBXBuildFile; fileRef = DB0F37921DFC20390005FBC3 /* VolpisSettingsATableViewCell.swift */; };
		DB0F37951DFC204B0005FBC3 /* VolpisSettingsBTableViewCell.swift in Sources */ = {isa = PBXBuildFile; fileRef = DB0F37941DFC204B0005FBC3 /* VolpisSettingsBTableViewCell.swift */; };
		DB0F37971DFC27730005FBC3 /* VolpisSettingsCTableViewCell.swift in Sources */ = {isa = PBXBuildFile; fileRef = DB0F37961DFC27730005FBC3 /* VolpisSettingsCTableViewCell.swift */; };
		DB0F37991DFC652D0005FBC3 /* VolpisDefaultSettingsTableViewCell.swift in Sources */ = {isa = PBXBuildFile; fileRef = DB0F37981DFC652D0005FBC3 /* VolpisDefaultSettingsTableViewCell.swift */; };
		DB0F379B1DFC91470005FBC3 /* SettingsData.swift in Sources */ = {isa = PBXBuildFile; fileRef = DB0F379A1DFC91470005FBC3 /* SettingsData.swift */; };
		DB33DF831DFA84E400CB8770 /* DoorConfigModel.swift in Sources */ = {isa = PBXBuildFile; fileRef = DB33DF821DFA84E400CB8770 /* DoorConfigModel.swift */; };
		DB33DF851DFA8E0800CB8770 /* DoorStatusModel.swift in Sources */ = {isa = PBXBuildFile; fileRef = DB33DF841DFA8E0800CB8770 /* DoorStatusModel.swift */; };
		DB33DF871DFA909B00CB8770 /* NetConfigModel.swift in Sources */ = {isa = PBXBuildFile; fileRef = DB33DF861DFA909B00CB8770 /* NetConfigModel.swift */; };
		DB33DF891DFA91CF00CB8770 /* DoorModel.swift in Sources */ = {isa = PBXBuildFile; fileRef = DB33DF881DFA91CF00CB8770 /* DoorModel.swift */; };
		DB33DF8C1DFA97D600CB8770 /* VolpisDoorCollectionViewCell.swift in Sources */ = {isa = PBXBuildFile; fileRef = DB33DF8B1DFA97D600CB8770 /* VolpisDoorCollectionViewCell.swift */; };
		DB7ABF931DF8D14A0017AFBE /* VolpisLeftMenuViewController.swift in Sources */ = {isa = PBXBuildFile; fileRef = DB7ABF921DF8D14A0017AFBE /* VolpisLeftMenuViewController.swift */; };
		DB7FFB101DFCA044007F7C57 /* VolpisDropDownViewController.swift in Sources */ = {isa = PBXBuildFile; fileRef = DB7FFB0F1DFCA044007F7C57 /* VolpisDropDownViewController.swift */; };
		DB83AD7A1DF8B91500E2D2BE /* VolpisAllDorsViewController.swift in Sources */ = {isa = PBXBuildFile; fileRef = DB83AD791DF8B91500E2D2BE /* VolpisAllDorsViewController.swift */; };
		DB83AD7D1DF8BA3000E2D2BE /* InternalHelper.swift in Sources */ = {isa = PBXBuildFile; fileRef = DB83AD7C1DF8BA3000E2D2BE /* InternalHelper.swift */; };
		DBA7C9ED1DF8B50600BCAC46 /* DefaultGaradgetViewController.swift in Sources */ = {isa = PBXBuildFile; fileRef = DBA7C9EC1DF8B50600BCAC46 /* DefaultGaradgetViewController.swift */; };
		DBD379C11DF818EA00C9A5EA /* AppDelegate.swift in Sources */ = {isa = PBXBuildFile; fileRef = DBD379C01DF818EA00C9A5EA /* AppDelegate.swift */; };
		DBD379C31DF818EA00C9A5EA /* VolpisLoginViewController.swift in Sources */ = {isa = PBXBuildFile; fileRef = DBD379C21DF818EA00C9A5EA /* VolpisLoginViewController.swift */; };
		DBD379C61DF818EA00C9A5EA /* Main.storyboard in Resources */ = {isa = PBXBuildFile; fileRef = DBD379C41DF818EA00C9A5EA /* Main.storyboard */; };
		DBD379C81DF818EA00C9A5EA /* Assets.xcassets in Resources */ = {isa = PBXBuildFile; fileRef = DBD379C71DF818EA00C9A5EA /* Assets.xcassets */; };
		DBD379CB1DF818EA00C9A5EA /* LaunchScreen.storyboard in Resources */ = {isa = PBXBuildFile; fileRef = DBD379C91DF818EA00C9A5EA /* LaunchScreen.storyboard */; };
/* End PBXBuildFile section */

/* Begin PBXFileReference section */
		2CFA787A78702314E1ECB01E /* Pods-Garadget.release.xcconfig */ = {isa = PBXFileReference; includeInIndex = 1; lastKnownFileType = text.xcconfig; name = "Pods-Garadget.release.xcconfig"; path = "Pods/Target Support Files/Pods-Garadget/Pods-Garadget.release.xcconfig"; sourceTree = "<group>"; };
		BA74E4C83B287C4036ABDD1C /* Pods-Garadget.debug.xcconfig */ = {isa = PBXFileReference; includeInIndex = 1; lastKnownFileType = text.xcconfig; name = "Pods-Garadget.debug.xcconfig"; path = "Pods/Target Support Files/Pods-Garadget/Pods-Garadget.debug.xcconfig"; sourceTree = "<group>"; };
		DB0F378C1DFC17CD0005FBC3 /* SettingsStoryboard.storyboard */ = {isa = PBXFileReference; fileEncoding = 4; lastKnownFileType = file.storyboard; path = SettingsStoryboard.storyboard; sourceTree = "<group>"; };
		DB0F37901DFC18630005FBC3 /* VolpisSettingsViewController.swift */ = {isa = PBXFileReference; fileEncoding = 4; lastKnownFileType = sourcecode.swift; path = VolpisSettingsViewController.swift; sourceTree = "<group>"; };
		DB0F37921DFC20390005FBC3 /* VolpisSettingsATableViewCell.swift */ = {isa = PBXFileReference; fileEncoding = 4; lastKnownFileType = sourcecode.swift; path = VolpisSettingsATableViewCell.swift; sourceTree = "<group>"; };
		DB0F37941DFC204B0005FBC3 /* VolpisSettingsBTableViewCell.swift */ = {isa = PBXFileReference; fileEncoding = 4; lastKnownFileType = sourcecode.swift; path = VolpisSettingsBTableViewCell.swift; sourceTree = "<group>"; };
		DB0F37961DFC27730005FBC3 /* VolpisSettingsCTableViewCell.swift */ = {isa = PBXFileReference; fileEncoding = 4; lastKnownFileType = sourcecode.swift; path = VolpisSettingsCTableViewCell.swift; sourceTree = "<group>"; };
		DB0F37981DFC652D0005FBC3 /* VolpisDefaultSettingsTableViewCell.swift */ = {isa = PBXFileReference; fileEncoding = 4; lastKnownFileType = sourcecode.swift; path = VolpisDefaultSettingsTableViewCell.swift; sourceTree = "<group>"; };
		DB0F379A1DFC91470005FBC3 /* SettingsData.swift */ = {isa = PBXFileReference; fileEncoding = 4; lastKnownFileType = sourcecode.swift; path = SettingsData.swift; sourceTree = "<group>"; };
		DB33DF821DFA84E400CB8770 /* DoorConfigModel.swift */ = {isa = PBXFileReference; fileEncoding = 4; lastKnownFileType = sourcecode.swift; path = DoorConfigModel.swift; sourceTree = "<group>"; };
		DB33DF841DFA8E0800CB8770 /* DoorStatusModel.swift */ = {isa = PBXFileReference; fileEncoding = 4; lastKnownFileType = sourcecode.swift; path = DoorStatusModel.swift; sourceTree = "<group>"; };
		DB33DF861DFA909B00CB8770 /* NetConfigModel.swift */ = {isa = PBXFileReference; fileEncoding = 4; lastKnownFileType = sourcecode.swift; path = NetConfigModel.swift; sourceTree = "<group>"; };
		DB33DF881DFA91CF00CB8770 /* DoorModel.swift */ = {isa = PBXFileReference; fileEncoding = 4; lastKnownFileType = sourcecode.swift; path = DoorModel.swift; sourceTree = "<group>"; };
		DB33DF8B1DFA97D600CB8770 /* VolpisDoorCollectionViewCell.swift */ = {isa = PBXFileReference; fileEncoding = 4; lastKnownFileType = sourcecode.swift; path = VolpisDoorCollectionViewCell.swift; sourceTree = "<group>"; };
		DB7ABF921DF8D14A0017AFBE /* VolpisLeftMenuViewController.swift */ = {isa = PBXFileReference; fileEncoding = 4; lastKnownFileType = sourcecode.swift; path = VolpisLeftMenuViewController.swift; sourceTree = "<group>"; };
		DB7FFB0F1DFCA044007F7C57 /* VolpisDropDownViewController.swift */ = {isa = PBXFileReference; fileEncoding = 4; lastKnownFileType = sourcecode.swift; path = VolpisDropDownViewController.swift; sourceTree = "<group>"; };
		DB83AD791DF8B91500E2D2BE /* VolpisAllDorsViewController.swift */ = {isa = PBXFileReference; fileEncoding = 4; lastKnownFileType = sourcecode.swift; path = VolpisAllDorsViewController.swift; sourceTree = "<group>"; };
		DB83AD7C1DF8BA3000E2D2BE /* InternalHelper.swift */ = {isa = PBXFileReference; fileEncoding = 4; lastKnownFileType = sourcecode.swift; path = InternalHelper.swift; sourceTree = "<group>"; };
		DBA3306F5F1E58F9B76AEAA8 /* Pods_Garadget.framework */ = {isa = PBXFileReference; explicitFileType = wrapper.framework; includeInIndex = 0; path = Pods_Garadget.framework; sourceTree = BUILT_PRODUCTS_DIR; };
		DBA7C9EC1DF8B50600BCAC46 /* DefaultGaradgetViewController.swift */ = {isa = PBXFileReference; fileEncoding = 4; lastKnownFileType = sourcecode.swift; path = DefaultGaradgetViewController.swift; sourceTree = "<group>"; };
		DBD379BD1DF818EA00C9A5EA /* Garadget.app */ = {isa = PBXFileReference; explicitFileType = wrapper.application; includeInIndex = 0; path = Garadget.app; sourceTree = BUILT_PRODUCTS_DIR; };
		DBD379C01DF818EA00C9A5EA /* AppDelegate.swift */ = {isa = PBXFileReference; lastKnownFileType = sourcecode.swift; path = AppDelegate.swift; sourceTree = "<group>"; };
		DBD379C21DF818EA00C9A5EA /* VolpisLoginViewController.swift */ = {isa = PBXFileReference; lastKnownFileType = sourcecode.swift; path = VolpisLoginViewController.swift; sourceTree = "<group>"; };
		DBD379C51DF818EA00C9A5EA /* Base */ = {isa = PBXFileReference; lastKnownFileType = file.storyboard; name = Base; path = Base.lproj/Main.storyboard; sourceTree = "<group>"; };
		DBD379C71DF818EA00C9A5EA /* Assets.xcassets */ = {isa = PBXFileReference; lastKnownFileType = folder.assetcatalog; path = Assets.xcassets; sourceTree = "<group>"; };
		DBD379CA1DF818EA00C9A5EA /* Base */ = {isa = PBXFileReference; lastKnownFileType = file.storyboard; name = Base; path = Base.lproj/LaunchScreen.storyboard; sourceTree = "<group>"; };
		DBD379CC1DF818EA00C9A5EA /* Info.plist */ = {isa = PBXFileReference; lastKnownFileType = text.plist.xml; path = Info.plist; sourceTree = "<group>"; };
/* End PBXFileReference section */

/* Begin PBXFrameworksBuildPhase section */
		DBD379BA1DF818EA00C9A5EA /* Frameworks */ = {
			isa = PBXFrameworksBuildPhase;
			buildActionMask = 2147483647;
			files = (
				A3EEC3400750682925AD0BFA /* Pods_Garadget.framework in Frameworks */,
			);
			runOnlyForDeploymentPostprocessing = 0;
		};
/* End PBXFrameworksBuildPhase section */

/* Begin PBXGroup section */
		835C114B58ED1C5C746F3669 /* Frameworks */ = {
			isa = PBXGroup;
			children = (
				DBA3306F5F1E58F9B76AEAA8 /* Pods_Garadget.framework */,
			);
			name = Frameworks;
			sourceTree = "<group>";
		};
		C2861BBCBD2A57049E0EDC71 /* Pods */ = {
			isa = PBXGroup;
			children = (
				BA74E4C83B287C4036ABDD1C /* Pods-Garadget.debug.xcconfig */,
				2CFA787A78702314E1ECB01E /* Pods-Garadget.release.xcconfig */,
			);
			name = Pods;
			sourceTree = "<group>";
		};
		DB0F378E1DFC18260005FBC3 /* Settings */ = {
			isa = PBXGroup;
			children = (
				DB0F378F1DFC184B0005FBC3 /* Cells */,
				DB0F37901DFC18630005FBC3 /* VolpisSettingsViewController.swift */,
				DB7FFB0F1DFCA044007F7C57 /* VolpisDropDownViewController.swift */,
			);
			name = Settings;
			sourceTree = "<group>";
		};
		DB0F378F1DFC184B0005FBC3 /* Cells */ = {
			isa = PBXGroup;
			children = (
				DB0F37921DFC20390005FBC3 /* VolpisSettingsATableViewCell.swift */,
				DB0F37941DFC204B0005FBC3 /* VolpisSettingsBTableViewCell.swift */,
				DB0F37961DFC27730005FBC3 /* VolpisSettingsCTableViewCell.swift */,
				DB0F37981DFC652D0005FBC3 /* VolpisDefaultSettingsTableViewCell.swift */,
			);
			name = Cells;
			sourceTree = "<group>";
		};
		DB33DF8A1DFA97AA00CB8770 /* Cells */ = {
			isa = PBXGroup;
			children = (
				DB33DF8B1DFA97D600CB8770 /* VolpisDoorCollectionViewCell.swift */,
			);
			name = Cells;
			sourceTree = "<group>";
		};
		DB7ABF911DF8D12B0017AFBE /* LeftMenu */ = {
			isa = PBXGroup;
			children = (
				DB7ABF921DF8D14A0017AFBE /* VolpisLeftMenuViewController.swift */,
			);
			name = LeftMenu;
			sourceTree = "<group>";
		};
		DB83AD781DF8B8FE00E2D2BE /* Dors */ = {
			isa = PBXGroup;
			children = (
				DB33DF8A1DFA97AA00CB8770 /* Cells */,
				DB83AD791DF8B91500E2D2BE /* VolpisAllDorsViewController.swift */,
			);
			name = Dors;
			sourceTree = "<group>";
		};
		DB83AD7B1DF8BA0900E2D2BE /* InternalHelper */ = {
			isa = PBXGroup;
			children = (
				DB83AD7C1DF8BA3000E2D2BE /* InternalHelper.swift */,
				DB0F379A1DFC91470005FBC3 /* SettingsData.swift */,
			);
			name = InternalHelper;
			sourceTree = "<group>";
		};
		DBA7C9EB1DF8B4AF00BCAC46 /* Login */ = {
			isa = PBXGroup;
			children = (
				DBD379C21DF818EA00C9A5EA /* VolpisLoginViewController.swift */,
			);
			name = Login;
			sourceTree = "<group>";
		};
		DBD379B41DF818EA00C9A5EA = {
			isa = PBXGroup;
			children = (
				DBD379BF1DF818EA00C9A5EA /* Garadget */,
				DBD379BE1DF818EA00C9A5EA /* Products */,
				C2861BBCBD2A57049E0EDC71 /* Pods */,
				835C114B58ED1C5C746F3669 /* Frameworks */,
			);
			sourceTree = "<group>";
		};
		DBD379BE1DF818EA00C9A5EA /* Products */ = {
			isa = PBXGroup;
			children = (
				DBD379BD1DF818EA00C9A5EA /* Garadget.app */,
			);
			name = Products;
			sourceTree = "<group>";
		};
		DBD379BF1DF818EA00C9A5EA /* Garadget */ = {
			isa = PBXGroup;
			children = (
				DB83AD7B1DF8BA0900E2D2BE /* InternalHelper */,
				DBD379D51DF81A8F00C9A5EA /* Default */,
				DBD379D21DF81A6100C9A5EA /* Models */,
				DBD379D31DF81A6700C9A5EA /* Views */,
				DBD379D41DF81A7100C9A5EA /* Controllers */,
			);
			path = Garadget;
			sourceTree = "<group>";
		};
		DBD379D21DF81A6100C9A5EA /* Models */ = {
			isa = PBXGroup;
			children = (
				DB33DF821DFA84E400CB8770 /* DoorConfigModel.swift */,
				DB33DF841DFA8E0800CB8770 /* DoorStatusModel.swift */,
				DB33DF861DFA909B00CB8770 /* NetConfigModel.swift */,
				DB33DF881DFA91CF00CB8770 /* DoorModel.swift */,
			);
			name = Models;
			sourceTree = "<group>";
		};
		DBD379D31DF81A6700C9A5EA /* Views */ = {
			isa = PBXGroup;
			children = (
				DBD379C41DF818EA00C9A5EA /* Main.storyboard */,
				DB0F378C1DFC17CD0005FBC3 /* SettingsStoryboard.storyboard */,
			);
			name = Views;
			sourceTree = "<group>";
		};
		DBD379D41DF81A7100C9A5EA /* Controllers */ = {
			isa = PBXGroup;
			children = (
				DBA7C9EC1DF8B50600BCAC46 /* DefaultGaradgetViewController.swift */,
				DB7ABF911DF8D12B0017AFBE /* LeftMenu */,
				DBA7C9EB1DF8B4AF00BCAC46 /* Login */,
				DB83AD781DF8B8FE00E2D2BE /* Dors */,
				DB0F378E1DFC18260005FBC3 /* Settings */,
			);
			name = Controllers;
			sourceTree = "<group>";
		};
		DBD379D51DF81A8F00C9A5EA /* Default */ = {
			isa = PBXGroup;
			children = (
				DBD379C01DF818EA00C9A5EA /* AppDelegate.swift */,
				DBD379C71DF818EA00C9A5EA /* Assets.xcassets */,
				DBD379C91DF818EA00C9A5EA /* LaunchScreen.storyboard */,
				DBD379CC1DF818EA00C9A5EA /* Info.plist */,
			);
			name = Default;
			sourceTree = "<group>";
		};
/* End PBXGroup section */

/* Begin PBXNativeTarget section */
		DBD379BC1DF818EA00C9A5EA /* Garadget */ = {
			isa = PBXNativeTarget;
			buildConfigurationList = DBD379CF1DF818EA00C9A5EA /* Build configuration list for PBXNativeTarget "Garadget" */;
			buildPhases = (
				51FF9CDDE7DA275A6313361F /* [CP] Check Pods Manifest.lock */,
				DBD379B91DF818EA00C9A5EA /* Sources */,
				DBD379BA1DF818EA00C9A5EA /* Frameworks */,
				DBD379BB1DF818EA00C9A5EA /* Resources */,
				6CBBC9626698054F83D2D781 /* [CP] Embed Pods Frameworks */,
				DAD880C516BBE6CA613DA7B6 /* [CP] Copy Pods Resources */,
			);
			buildRules = (
			);
			dependencies = (
			);
			name = Garadget;
			productName = Garadget;
			productReference = DBD379BD1DF818EA00C9A5EA /* Garadget.app */;
			productType = "com.apple.product-type.application";
		};
/* End PBXNativeTarget section */

/* Begin PBXProject section */
		DBD379B51DF818EA00C9A5EA /* Project object */ = {
			isa = PBXProject;
			attributes = {
				LastSwiftUpdateCheck = 0810;
				LastUpgradeCheck = 0810;
				ORGANIZATIONNAME = Volpis;
				TargetAttributes = {
					DBD379BC1DF818EA00C9A5EA = {
						CreatedOnToolsVersion = 8.1;
						DevelopmentTeam = 53SEES3SQP;
						ProvisioningStyle = Automatic;
					};
				};
			};
			buildConfigurationList = DBD379B81DF818EA00C9A5EA /* Build configuration list for PBXProject "Garadget" */;
			compatibilityVersion = "Xcode 3.2";
			developmentRegion = English;
			hasScannedForEncodings = 0;
			knownRegions = (
				en,
				Base,
			);
			mainGroup = DBD379B41DF818EA00C9A5EA;
			productRefGroup = DBD379BE1DF818EA00C9A5EA /* Products */;
			projectDirPath = "";
			projectRoot = "";
			targets = (
				DBD379BC1DF818EA00C9A5EA /* Garadget */,
			);
		};
/* End PBXProject section */

/* Begin PBXResourcesBuildPhase section */
		DBD379BB1DF818EA00C9A5EA /* Resources */ = {
			isa = PBXResourcesBuildPhase;
			buildActionMask = 2147483647;
			files = (
				DBD379CB1DF818EA00C9A5EA /* LaunchScreen.storyboard in Resources */,
				DBD379C81DF818EA00C9A5EA /* Assets.xcassets in Resources */,
				DB0F378D1DFC17CD0005FBC3 /* SettingsStoryboard.storyboard in Resources */,
				DBD379C61DF818EA00C9A5EA /* Main.storyboard in Resources */,
			);
			runOnlyForDeploymentPostprocessing = 0;
		};
/* End PBXResourcesBuildPhase section */

/* Begin PBXShellScriptBuildPhase section */
		51FF9CDDE7DA275A6313361F /* [CP] Check Pods Manifest.lock */ = {
			isa = PBXShellScriptBuildPhase;
			buildActionMask = 2147483647;
			files = (
			);
			inputPaths = (
			);
			name = "[CP] Check Pods Manifest.lock";
			outputPaths = (
			);
			runOnlyForDeploymentPostprocessing = 0;
			shellPath = /bin/sh;
			shellScript = "diff \"${PODS_ROOT}/../Podfile.lock\" \"${PODS_ROOT}/Manifest.lock\" > /dev/null\nif [ $? != 0 ] ; then\n    # print error to STDERR\n    echo \"error: The sandbox is not in sync with the Podfile.lock. Run 'pod install' or update your CocoaPods installation.\" >&2\n    exit 1\nfi\n";
			showEnvVarsInLog = 0;
		};
		6CBBC9626698054F83D2D781 /* [CP] Embed Pods Frameworks */ = {
			isa = PBXShellScriptBuildPhase;
			buildActionMask = 2147483647;
			files = (
			);
			inputPaths = (
			);
			name = "[CP] Embed Pods Frameworks";
			outputPaths = (
			);
			runOnlyForDeploymentPostprocessing = 0;
			shellPath = /bin/sh;
			shellScript = "\"${SRCROOT}/Pods/Target Support Files/Pods-Garadget/Pods-Garadget-frameworks.sh\"\n";
			showEnvVarsInLog = 0;
		};
		DAD880C516BBE6CA613DA7B6 /* [CP] Copy Pods Resources */ = {
			isa = PBXShellScriptBuildPhase;
			buildActionMask = 2147483647;
			files = (
			);
			inputPaths = (
			);
			name = "[CP] Copy Pods Resources";
			outputPaths = (
			);
			runOnlyForDeploymentPostprocessing = 0;
			shellPath = /bin/sh;
			shellScript = "\"${SRCROOT}/Pods/Target Support Files/Pods-Garadget/Pods-Garadget-resources.sh\"\n";
			showEnvVarsInLog = 0;
		};
/* End PBXShellScriptBuildPhase section */

/* Begin PBXSourcesBuildPhase section */
		DBD379B91DF818EA00C9A5EA /* Sources */ = {
			isa = PBXSourcesBuildPhase;
			buildActionMask = 2147483647;
			files = (
				DBD379C31DF818EA00C9A5EA /* VolpisLoginViewController.swift in Sources */,
				DB33DF891DFA91CF00CB8770 /* DoorModel.swift in Sources */,
				DB0F37971DFC27730005FBC3 /* VolpisSettingsCTableViewCell.swift in Sources */,
				DB33DF851DFA8E0800CB8770 /* DoorStatusModel.swift in Sources */,
				DB83AD7D1DF8BA3000E2D2BE /* InternalHelper.swift in Sources */,
				DBA7C9ED1DF8B50600BCAC46 /* DefaultGaradgetViewController.swift in Sources */,
				DBD379C11DF818EA00C9A5EA /* AppDelegate.swift in Sources */,
				DB0F37951DFC204B0005FBC3 /* VolpisSettingsBTableViewCell.swift in Sources */,
				DB0F379B1DFC91470005FBC3 /* SettingsData.swift in Sources */,
				DB83AD7A1DF8B91500E2D2BE /* VolpisAllDorsViewController.swift in Sources */,
				DB0F37991DFC652D0005FBC3 /* VolpisDefaultSettingsTableViewCell.swift in Sources */,
				DB33DF831DFA84E400CB8770 /* DoorConfigModel.swift in Sources */,
				DB7FFB101DFCA044007F7C57 /* VolpisDropDownViewController.swift in Sources */,
				DB0F37931DFC20390005FBC3 /* VolpisSettingsATableViewCell.swift in Sources */,
				DB33DF8C1DFA97D600CB8770 /* VolpisDoorCollectionViewCell.swift in Sources */,
				DB33DF871DFA909B00CB8770 /* NetConfigModel.swift in Sources */,
				DB0F37911DFC18630005FBC3 /* VolpisSettingsViewController.swift in Sources */,
				DB7ABF931DF8D14A0017AFBE /* VolpisLeftMenuViewController.swift in Sources */,
			);
			runOnlyForDeploymentPostprocessing = 0;
		};
/* End PBXSourcesBuildPhase section */

/* Begin PBXVariantGroup section */
		DBD379C41DF818EA00C9A5EA /* Main.storyboard */ = {
			isa = PBXVariantGroup;
			children = (
				DBD379C51DF818EA00C9A5EA /* Base */,
			);
			name = Main.storyboard;
			sourceTree = "<group>";
		};
		DBD379C91DF818EA00C9A5EA /* LaunchScreen.storyboard */ = {
			isa = PBXVariantGroup;
			children = (
				DBD379CA1DF818EA00C9A5EA /* Base */,
			);
			name = LaunchScreen.storyboard;
			sourceTree = "<group>";
		};
/* End PBXVariantGroup section */

/* Begin XCBuildConfiguration section */
		DBD379CD1DF818EA00C9A5EA /* Debug */ = {
			isa = XCBuildConfiguration;
			buildSettings = {
				ALWAYS_SEARCH_USER_PATHS = NO;
				CLANG_ANALYZER_NONNULL = YES;
				CLANG_CXX_LANGUAGE_STANDARD = "gnu++0x";
				CLANG_CXX_LIBRARY = "libc++";
				CLANG_ENABLE_MODULES = YES;
				CLANG_ENABLE_OBJC_ARC = YES;
				CLANG_WARN_BOOL_CONVERSION = YES;
				CLANG_WARN_CONSTANT_CONVERSION = YES;
				CLANG_WARN_DIRECT_OBJC_ISA_USAGE = YES_ERROR;
				CLANG_WARN_DOCUMENTATION_COMMENTS = YES;
				CLANG_WARN_EMPTY_BODY = YES;
				CLANG_WARN_ENUM_CONVERSION = YES;
				CLANG_WARN_INFINITE_RECURSION = YES;
				CLANG_WARN_INT_CONVERSION = YES;
				CLANG_WARN_OBJC_ROOT_CLASS = YES_ERROR;
				CLANG_WARN_SUSPICIOUS_MOVES = YES;
				CLANG_WARN_UNREACHABLE_CODE = YES;
				CLANG_WARN__DUPLICATE_METHOD_MATCH = YES;
				"CODE_SIGN_IDENTITY[sdk=iphoneos*]" = "iPhone Developer";
				COPY_PHASE_STRIP = NO;
				DEBUG_INFORMATION_FORMAT = dwarf;
				ENABLE_STRICT_OBJC_MSGSEND = YES;
				ENABLE_TESTABILITY = YES;
				GCC_C_LANGUAGE_STANDARD = gnu99;
				GCC_DYNAMIC_NO_PIC = NO;
				GCC_NO_COMMON_BLOCKS = YES;
				GCC_OPTIMIZATION_LEVEL = 0;
				GCC_PREPROCESSOR_DEFINITIONS = (
					"DEBUG=1",
					"$(inherited)",
				);
				GCC_WARN_64_TO_32_BIT_CONVERSION = YES;
				GCC_WARN_ABOUT_RETURN_TYPE = YES_ERROR;
				GCC_WARN_UNDECLARED_SELECTOR = YES;
				GCC_WARN_UNINITIALIZED_AUTOS = YES_AGGRESSIVE;
				GCC_WARN_UNUSED_FUNCTION = YES;
				GCC_WARN_UNUSED_VARIABLE = YES;
				IPHONEOS_DEPLOYMENT_TARGET = 10.1;
				MTL_ENABLE_DEBUG_INFO = YES;
				ONLY_ACTIVE_ARCH = YES;
				SDKROOT = iphoneos;
				SWIFT_ACTIVE_COMPILATION_CONDITIONS = DEBUG;
				SWIFT_OPTIMIZATION_LEVEL = "-Onone";
				TARGETED_DEVICE_FAMILY = "1,2";
			};
			name = Debug;
		};
		DBD379CE1DF818EA00C9A5EA /* Release */ = {
			isa = XCBuildConfiguration;
			buildSettings = {
				ALWAYS_SEARCH_USER_PATHS = NO;
				CLANG_ANALYZER_NONNULL = YES;
				CLANG_CXX_LANGUAGE_STANDARD = "gnu++0x";
				CLANG_CXX_LIBRARY = "libc++";
				CLANG_ENABLE_MODULES = YES;
				CLANG_ENABLE_OBJC_ARC = YES;
				CLANG_WARN_BOOL_CONVERSION = YES;
				CLANG_WARN_CONSTANT_CONVERSION = YES;
				CLANG_WARN_DIRECT_OBJC_ISA_USAGE = YES_ERROR;
				CLANG_WARN_DOCUMENTATION_COMMENTS = YES;
				CLANG_WARN_EMPTY_BODY = YES;
				CLANG_WARN_ENUM_CONVERSION = YES;
				CLANG_WARN_INFINITE_RECURSION = YES;
				CLANG_WARN_INT_CONVERSION = YES;
				CLANG_WARN_OBJC_ROOT_CLASS = YES_ERROR;
				CLANG_WARN_SUSPICIOUS_MOVES = YES;
				CLANG_WARN_UNREACHABLE_CODE = YES;
				CLANG_WARN__DUPLICATE_METHOD_MATCH = YES;
				"CODE_SIGN_IDENTITY[sdk=iphoneos*]" = "iPhone Developer";
				COPY_PHASE_STRIP = NO;
				DEBUG_INFORMATION_FORMAT = "dwarf-with-dsym";
				ENABLE_NS_ASSERTIONS = NO;
				ENABLE_STRICT_OBJC_MSGSEND = YES;
				GCC_C_LANGUAGE_STANDARD = gnu99;
				GCC_NO_COMMON_BLOCKS = YES;
				GCC_WARN_64_TO_32_BIT_CONVERSION = YES;
				GCC_WARN_ABOUT_RETURN_TYPE = YES_ERROR;
				GCC_WARN_UNDECLARED_SELECTOR = YES;
				GCC_WARN_UNINITIALIZED_AUTOS = YES_AGGRESSIVE;
				GCC_WARN_UNUSED_FUNCTION = YES;
				GCC_WARN_UNUSED_VARIABLE = YES;
				IPHONEOS_DEPLOYMENT_TARGET = 10.1;
				MTL_ENABLE_DEBUG_INFO = NO;
				SDKROOT = iphoneos;
				SWIFT_OPTIMIZATION_LEVEL = "-Owholemodule";
				TARGETED_DEVICE_FAMILY = "1,2";
				VALIDATE_PRODUCT = YES;
			};
			name = Release;
		};
		DBD379D01DF818EA00C9A5EA /* Debug */ = {
			isa = XCBuildConfiguration;
			baseConfigurationReference = BA74E4C83B287C4036ABDD1C /* Pods-Garadget.debug.xcconfig */;
			buildSettings = {
				ASSETCATALOG_COMPILER_APPICON_NAME = AppIcon;
				DEVELOPMENT_TEAM = 53SEES3SQP;
				INFOPLIST_FILE = Garadget/Info.plist;
				IPHONEOS_DEPLOYMENT_TARGET = 9.0;
				LD_RUNPATH_SEARCH_PATHS = "$(inherited) @executable_path/Frameworks";
				PRODUCT_BUNDLE_IDENTIFIER = com.volpis.garadget;
				PRODUCT_NAME = "$(TARGET_NAME)";
				SWIFT_VERSION = 3.0;
				TARGETED_DEVICE_FAMILY = "1,2";
			};
			name = Debug;
		};
		DBD379D11DF818EA00C9A5EA /* Release */ = {
			isa = XCBuildConfiguration;
			baseConfigurationReference = 2CFA787A78702314E1ECB01E /* Pods-Garadget.release.xcconfig */;
			buildSettings = {
				ASSETCATALOG_COMPILER_APPICON_NAME = AppIcon;
				DEVELOPMENT_TEAM = 53SEES3SQP;
				INFOPLIST_FILE = Garadget/Info.plist;
				IPHONEOS_DEPLOYMENT_TARGET = 9.0;
				LD_RUNPATH_SEARCH_PATHS = "$(inherited) @executable_path/Frameworks";
				PRODUCT_BUNDLE_IDENTIFIER = com.volpis.garadget;
				PRODUCT_NAME = "$(TARGET_NAME)";
				SWIFT_VERSION = 3.0;
				TARGETED_DEVICE_FAMILY = "1,2";
			};
			name = Release;
		};
/* End XCBuildConfiguration section */

/* Begin XCConfigurationList section */
		DBD379B81DF818EA00C9A5EA /* Build configuration list for PBXProject "Garadget" */ = {
			isa = XCConfigurationList;
			buildConfigurations = (
				DBD379CD1DF818EA00C9A5EA /* Debug */,
				DBD379CE1DF818EA00C9A5EA /* Release */,
			);
			defaultConfigurationIsVisible = 0;
			defaultConfigurationName = Release;
		};
		DBD379CF1DF818EA00C9A5EA /* Build configuration list for PBXNativeTarget "Garadget" */ = {
			isa = XCConfigurationList;
			buildConfigurations = (
				DBD379D01DF818EA00C9A5EA /* Debug */,
				DBD379D11DF818EA00C9A5EA /* Release */,
			);
			defaultConfigurationIsVisible = 0;
			defaultConfigurationName = Release;
		};
/* End XCConfigurationList section */
	};
	rootObject = DBD379B51DF818EA00C9A5EA /* Project object */;
}
